
Microsoft Visual Studio Solution File, Format Version 12.00
# Visual Studio Version 17
VisualStudioVersion = 17.11.35222.181
MinimumVisualStudioVersion = 10.0.40219.1
Project("{FAE04EC0-301F-11D3-BF4B-00C04F79EFBC}") = "Kanban.Server", "Kanban.Server\Kanban.Server.csproj", "{027CB27D-A4D2-46B2-A474-5EE6EB3F420A}"
EndProject
Project("{E53339B2-1760-4266-BCC7-CA923CBCF16C}") = "docker-compose", "docker-compose.dcproj", "{0C8670C5-864C-49A3-A1CC-326376EFC672}"
EndProject
Global
	GlobalSection(SolutionConfigurationPlatforms) = preSolution
		Debug|Any CPU = Debug|Any CPU
		Release|Any CPU = Release|Any CPU
	EndGlobalSection
	GlobalSection(ProjectConfigurationPlatforms) = postSolution
		{027CB27D-A4D2-46B2-A474-5EE6EB3F420A}.Debug|Any CPU.ActiveCfg = Debug|Any CPU
		{027CB27D-A4D2-46B2-A474-5EE6EB3F420A}.Debug|Any CPU.Build.0 = Debug|Any CPU
		{027CB27D-A4D2-46B2-A474-5EE6EB3F420A}.Release|Any CPU.ActiveCfg = Release|Any CPU
		{027CB27D-A4D2-46B2-A474-5EE6EB3F420A}.Release|Any CPU.Build.0 = Release|Any CPU
		{0C8670C5-864C-49A3-A1CC-326376EFC672}.Debug|Any CPU.ActiveCfg = Debug|Any CPU
		{0C8670C5-864C-49A3-A1CC-326376EFC672}.Debug|Any CPU.Build.0 = Debug|Any CPU
		{0C8670C5-864C-49A3-A1CC-326376EFC672}.Release|Any CPU.ActiveCfg = Release|Any CPU
		{0C8670C5-864C-49A3-A1CC-326376EFC672}.Release|Any CPU.Build.0 = Release|Any CPU
	EndGlobalSection
	GlobalSection(SolutionProperties) = preSolution
		HideSolutionNode = FALSE
	EndGlobalSection
	GlobalSection(ExtensibilityGlobals) = postSolution
		SolutionGuid = {79F0DEAD-5435-4607-AA6D-EAA8EC2C9940}
	EndGlobalSection
EndGlobal
